PODS:
  - "app_settings (3.0.0+1)":
    - Flutter
  - babstrap_settings_screen (0.0.1):
    - Flutter
  - Flutter (1.0.0)
  - flutter_web_auth (0.4.1):
    - Flutter
  - home_widget (0.0.1):
    - Flutter
  - local_auth_ios (0.0.1):
    - Flutter
  - open_mail_app (0.0.1):
    - Flutter
  - shared_preferences_ios (0.0.1):
    - Flutter
  - url_launcher_ios (0.0.1):
    - Flutter
  - webview_flutter_wkwebview (0.0.1):
    - Flutter

DEPENDENCIES:
  - app_settings (from `.symlinks/plugins/app_settings/ios`)
  - babstrap_settings_screen (from `.symlinks/plugins/babstrap_settings_screen/ios`)
  - Flutter (from `Flutter`)
  - flutter_web_auth (from `.symlinks/plugins/flutter_web_auth/ios`)
  - home_widget (from `.symlinks/plugins/home_widget/ios`)
  - local_auth_ios (from `.symlinks/plugins/local_auth_ios/ios`)
  - open_mail_app (from `.symlinks/plugins/open_mail_app/ios`)
  - shared_preferences_ios (from `.symlinks/plugins/shared_preferences_ios/ios`)
  - url_launcher_ios (from `.symlinks/plugins/url_launcher_ios/ios`)
  - webview_flutter_wkwebview (from `.symlinks/plugins/webview_flutter_wkwebview/ios`)

EXTERNAL SOURCES:
  app_settings:
    :path: ".symlinks/plugins/app_settings/ios"
  babstrap_settings_screen:
    :path: ".symlinks/plugins/babstrap_settings_screen/ios"
  Flutter:
    :path: Flutter
  flutter_web_auth:
    :path: ".symlinks/plugins/flutter_web_auth/ios"
  home_widget:
    :path: ".symlinks/plugins/home_widget/ios"
  local_auth_ios:
    :path: ".symlinks/plugins/local_auth_ios/ios"
  open_mail_app:
    :path: ".symlinks/plugins/open_mail_app/ios"
  shared_preferences_ios:
    :path: ".symlinks/plugins/shared_preferences_ios/ios"
  url_launcher_ios:
    :path: ".symlinks/plugins/url_launcher_ios/ios"
  webview_flutter_wkwebview:
    :path: ".symlinks/plugins/webview_flutter_wkwebview/ios"

SPEC CHECKSUMS:
  app_settings: d103828c9f5d515c4df9ee754dabd443f7cedcf3
  babstrap_settings_screen: 535097da0fa521a47fef6f6678ff2b464ee15937
  Flutter: 50d75fe2f02b26cc09d224853bb45737f8b3214a
  flutter_web_auth: 09a0abd245f1a07a3ff4dcf1247a048d89ee12a9
  home_widget: 2829415127ee92e876f816cbbe44c0b6601b8a37
  local_auth_ios: 0d333dde7780f669e66f19d2ff6005f3ea84008d
  open_mail_app: 794172f6a22cd16319d3ddaf45e945b2f74952b0
  shared_preferences_ios: 548a61f8053b9b8a49ac19c1ffbc8b92c50d68ad
  url_launcher_ios: 839c58cdb4279282219f5e248c3321761ff3c4de
  webview_flutter_wkwebview: b7e70ef1ddded7e69c796c7390ee74180182971f

PODFILE CHECKSUM: aafe91acc616949ddb318b77800a7f51bffa2a4c

COCOAPODS: 1.11.3
