PODS:
  - babstrap_settings_screen (0.0.1):
    - Flutter
  - Flutter (1.0.0)
  - flutter_web_auth (0.4.1):
    - Flutter
  - home_widget (0.0.1):
    - Flutter
  - local_auth (0.0.1):
    - Flutter
  - shared_preferences (0.0.1):
    - Flutter
  - url_launcher_ios (0.0.1):
    - Flutter
  - webview_flutter (0.0.1):
    - Flutter

DEPENDENCIES:
  - babstrap_settings_screen (from `.symlinks/plugins/babstrap_settings_screen/ios`)
  - Flutter (from `Flutter`)
  - flutter_web_auth (from `.symlinks/plugins/flutter_web_auth/ios`)
  - home_widget (from `.symlinks/plugins/home_widget/ios`)
  - local_auth (from `.symlinks/plugins/local_auth/ios`)
  - shared_preferences (from `.symlinks/plugins/shared_preferences/ios`)
  - url_launcher_ios (from `.symlinks/plugins/url_launcher_ios/ios`)
  - webview_flutter (from `.symlinks/plugins/webview_flutter/ios`)

EXTERNAL SOURCES:
  babstrap_settings_screen:
    :path: ".symlinks/plugins/babstrap_settings_screen/ios"
  Flutter:
    :path: Flutter
  flutter_web_auth:
    :path: ".symlinks/plugins/flutter_web_auth/ios"
  home_widget:
    :path: ".symlinks/plugins/home_widget/ios"
  local_auth:
    :path: ".symlinks/plugins/local_auth/ios"
  shared_preferences:
    :path: ".symlinks/plugins/shared_preferences/ios"
  url_launcher_ios:
    :path: ".symlinks/plugins/url_launcher_ios/ios"
  webview_flutter:
    :path: ".symlinks/plugins/webview_flutter/ios"

SPEC CHECKSUMS:
  babstrap_settings_screen: 535097da0fa521a47fef6f6678ff2b464ee15937
  Flutter: 50d75fe2f02b26cc09d224853bb45737f8b3214a
  flutter_web_auth: 09a0abd245f1a07a3ff4dcf1247a048d89ee12a9
  home_widget: 2829415127ee92e876f816cbbe44c0b6601b8a37
  local_auth: 1740f55d7af0a2e2a8684ce225fe79d8931e808c
  shared_preferences: af6bfa751691cdc24be3045c43ec037377ada40d
  url_launcher_ios: 839c58cdb4279282219f5e248c3321761ff3c4de
  webview_flutter: d2b4d6c66968ad042ad94cbb791f5b72b4678a96

PODFILE CHECKSUM: aafe91acc616949ddb318b77800a7f51bffa2a4c

COCOAPODS: 1.11.3
